// !$*UTF8*$!
{
	archiveVersion = 1;
	classes = {
	};
	objectVersion = 51;
	objects = {

/* Begin PBXBuildFile section */
		00AC230F5F00F11CBD6B3E71 /* Pods_SkyLark_Weather.framework in Frameworks */ = {isa = PBXBuildFile; fileRef = 0CA6A63DA52C23BDB4DD8BAB /* Pods_SkyLark_Weather.framework */; };
		86220D2626AC36E60004EEAE /* AppDelegate.swift in Sources */ = {isa = PBXBuildFile; fileRef = 86220D2526AC36E60004EEAE /* AppDelegate.swift */; };
		86220D2826AC36E60004EEAE /* SceneDelegate.swift in Sources */ = {isa = PBXBuildFile; fileRef = 86220D2726AC36E60004EEAE /* SceneDelegate.swift */; };
		86220D2A26AC36E60004EEAE /* WeatherViewController.swift in Sources */ = {isa = PBXBuildFile; fileRef = 86220D2926AC36E60004EEAE /* WeatherViewController.swift */; };
		86220D2D26AC36E60004EEAE /* Main.storyboard in Resources */ = {isa = PBXBuildFile; fileRef = 86220D2B26AC36E60004EEAE /* Main.storyboard */; };
		86220D2F26AC36E70004EEAE /* Assets.xcassets in Resources */ = {isa = PBXBuildFile; fileRef = 86220D2E26AC36E70004EEAE /* Assets.xcassets */; };
		86220D3226AC36E70004EEAE /* LaunchScreen.storyboard in Resources */ = {isa = PBXBuildFile; fileRef = 86220D3026AC36E70004EEAE /* LaunchScreen.storyboard */; };
		866C6E5027B43EA30078C7C4 /* UIViewController+Animation.swift in Sources */ = {isa = PBXBuildFile; fileRef = 866C6E4F27B43EA30078C7C4 /* UIViewController+Animation.swift */; };
		86E144A927B2DD2200A4A62B /* WeatherManager.swift in Sources */ = {isa = PBXBuildFile; fileRef = 86E144A827B2DD2100A4A62B /* WeatherManager.swift */; };
		86E144AC27B2E4DA00A4A62B /* WeatherData.swift in Sources */ = {isa = PBXBuildFile; fileRef = 86E144AB27B2E4DA00A4A62B /* WeatherData.swift */; };
		86E144AE27B2ECB800A4A62B /* WeatherModel.swift in Sources */ = {isa = PBXBuildFile; fileRef = 86E144AD27B2ECB800A4A62B /* WeatherModel.swift */; };
		86E144B227B2FD5900A4A62B /* UIViewContoller+Alert.swift in Sources */ = {isa = PBXBuildFile; fileRef = 86E144B127B2FD5900A4A62B /* UIViewContoller+Alert.swift */; };
		86E144B627B30F9000A4A62B /* String+Capitalizing.swift in Sources */ = {isa = PBXBuildFile; fileRef = 86E144B527B30F9000A4A62B /* String+Capitalizing.swift */; };
/* End PBXBuildFile section */

/* Begin PBXFileReference section */
		0CA6A63DA52C23BDB4DD8BAB /* Pods_SkyLark_Weather.framework */ = {isa = PBXFileReference; explicitFileType = wrapper.framework; includeInIndex = 0; path = Pods_SkyLark_Weather.framework; sourceTree = BUILT_PRODUCTS_DIR; };
		4C576382634013C7327679E6 /* Pods-SkyLark Weather.debug.xcconfig */ = {isa = PBXFileReference; includeInIndex = 1; lastKnownFileType = text.xcconfig; name = "Pods-SkyLark Weather.debug.xcconfig"; path = "Target Support Files/Pods-SkyLark Weather/Pods-SkyLark Weather.debug.xcconfig"; sourceTree = "<group>"; };
		86220D2226AC36E60004EEAE /* SkyLark Weather.app */ = {isa = PBXFileReference; explicitFileType = wrapper.application; includeInIndex = 0; path = "SkyLark Weather.app"; sourceTree = BUILT_PRODUCTS_DIR; };
		86220D2526AC36E60004EEAE /* AppDelegate.swift */ = {isa = PBXFileReference; lastKnownFileType = sourcecode.swift; path = AppDelegate.swift; sourceTree = "<group>"; };
		86220D2726AC36E60004EEAE /* SceneDelegate.swift */ = {isa = PBXFileReference; lastKnownFileType = sourcecode.swift; path = SceneDelegate.swift; sourceTree = "<group>"; };
		86220D2926AC36E60004EEAE /* WeatherViewController.swift */ = {isa = PBXFileReference; lastKnownFileType = sourcecode.swift; path = WeatherViewController.swift; sourceTree = "<group>"; };
		86220D2C26AC36E60004EEAE /* Base */ = {isa = PBXFileReference; lastKnownFileType = file.storyboard; name = Base; path = Base.lproj/Main.storyboard; sourceTree = "<group>"; };
		86220D2E26AC36E70004EEAE /* Assets.xcassets */ = {isa = PBXFileReference; lastKnownFileType = folder.assetcatalog; path = Assets.xcassets; sourceTree = "<group>"; };
		86220D3126AC36E70004EEAE /* Base */ = {isa = PBXFileReference; lastKnownFileType = file.storyboard; name = Base; path = Base.lproj/LaunchScreen.storyboard; sourceTree = "<group>"; };
		86220D3326AC36E70004EEAE /* Info.plist */ = {isa = PBXFileReference; lastKnownFileType = text.plist.xml; path = Info.plist; sourceTree = "<group>"; };
		866C6E4F27B43EA30078C7C4 /* UIViewController+Animation.swift */ = {isa = PBXFileReference; lastKnownFileType = sourcecode.swift; path = "UIViewController+Animation.swift"; sourceTree = "<group>"; };
		86E144A827B2DD2100A4A62B /* WeatherManager.swift */ = {isa = PBXFileReference; lastKnownFileType = sourcecode.swift; path = WeatherManager.swift; sourceTree = "<group>"; };
		86E144AB27B2E4DA00A4A62B /* WeatherData.swift */ = {isa = PBXFileReference; lastKnownFileType = sourcecode.swift; path = WeatherData.swift; sourceTree = "<group>"; };
		86E144AD27B2ECB800A4A62B /* WeatherModel.swift */ = {isa = PBXFileReference; lastKnownFileType = sourcecode.swift; path = WeatherModel.swift; sourceTree = "<group>"; };
		86E144B127B2FD5900A4A62B /* UIViewContoller+Alert.swift */ = {isa = PBXFileReference; lastKnownFileType = sourcecode.swift; path = "UIViewContoller+Alert.swift"; sourceTree = "<group>"; };
		86E144B527B30F9000A4A62B /* String+Capitalizing.swift */ = {isa = PBXFileReference; lastKnownFileType = sourcecode.swift; path = "String+Capitalizing.swift"; sourceTree = "<group>"; };
		9FD43D0D6DD2CA8191B8FBC0 /* Pods-SkyLark Weather.release.xcconfig */ = {isa = PBXFileReference; includeInIndex = 1; lastKnownFileType = text.xcconfig; name = "Pods-SkyLark Weather.release.xcconfig"; path = "Target Support Files/Pods-SkyLark Weather/Pods-SkyLark Weather.release.xcconfig"; sourceTree = "<group>"; };
/* End PBXFileReference section */

/* Begin PBXFrameworksBuildPhase section */
		86220D1F26AC36E60004EEAE /* Frameworks */ = {
			isa = PBXFrameworksBuildPhase;
			buildActionMask = 2147483647;
			files = (
				00AC230F5F00F11CBD6B3E71 /* Pods_SkyLark_Weather.framework in Frameworks */,
			);
			runOnlyForDeploymentPostprocessing = 0;
		};
/* End PBXFrameworksBuildPhase section */

/* Begin PBXGroup section */
		1C4FCAB90056A25AF8D8110D /* Frameworks */ = {
			isa = PBXGroup;
			children = (
				0CA6A63DA52C23BDB4DD8BAB /* Pods_SkyLark_Weather.framework */,
			);
			name = Frameworks;
			sourceTree = "<group>";
		};
		7F10E382F0967F0C49EF8DD3 /* Pods */ = {
			isa = PBXGroup;
			children = (
				4C576382634013C7327679E6 /* Pods-SkyLark Weather.debug.xcconfig */,
				9FD43D0D6DD2CA8191B8FBC0 /* Pods-SkyLark Weather.release.xcconfig */,
			);
			path = Pods;
			sourceTree = "<group>";
		};
		86220D1926AC36E60004EEAE = {
			isa = PBXGroup;
			children = (
				86220D2426AC36E60004EEAE /* SkyLark Weather */,
				86220D2326AC36E60004EEAE /* Products */,
				7F10E382F0967F0C49EF8DD3 /* Pods */,
				1C4FCAB90056A25AF8D8110D /* Frameworks */,
			);
			sourceTree = "<group>";
		};
		86220D2326AC36E60004EEAE /* Products */ = {
			isa = PBXGroup;
			children = (
				86220D2226AC36E60004EEAE /* SkyLark Weather.app */,
			);
			name = Products;
			sourceTree = "<group>";
		};
		86220D2426AC36E60004EEAE /* SkyLark Weather */ = {
			isa = PBXGroup;
			children = (
				86E144A527B1CBA700A4A62B /* ApplicationLayer */,
				86940EA82992E1A8007AFF3E /* BusinessLogicLayer */,
				86940EAF2992E3CF007AFF3E /* CoreLayer */,
				86940EAE2992E3A7007AFF3E /* PresentationLayer */,
				86940EAA2992E277007AFF3E /* Resources */,
				86220D3326AC36E70004EEAE /* Info.plist */,
			);
			path = "SkyLark Weather";
			sourceTree = "<group>";
		};
		86940EA72992E030007AFF3E /* WeatherManager */ = {
			isa = PBXGroup;
			children = (
				86E144A827B2DD2100A4A62B /* WeatherManager.swift */,
			);
			path = WeatherManager;
			sourceTree = "<group>";
		};
		86940EA82992E1A8007AFF3E /* BusinessLogicLayer */ = {
			isa = PBXGroup;
			children = (
				86940EA72992E030007AFF3E /* WeatherManager */,
			);
			path = BusinessLogicLayer;
			sourceTree = "<group>";
		};
		86940EA92992E25E007AFF3E /* Storyboards */ = {
			isa = PBXGroup;
			children = (
				86220D2B26AC36E60004EEAE /* Main.storyboard */,
				86220D3026AC36E70004EEAE /* LaunchScreen.storyboard */,
			);
			path = Storyboards;
			sourceTree = "<group>";
		};
		86940EAA2992E277007AFF3E /* Resources */ = {
			isa = PBXGroup;
			children = (
				86220D2E26AC36E70004EEAE /* Assets.xcassets */,
			);
			path = Resources;
			sourceTree = "<group>";
		};
		86940EAB2992E36D007AFF3E /* Scenes */ = {
			isa = PBXGroup;
			children = (
				86E144AA27B2DD2800A4A62B /* Model */,
				86E144A627B1CBBA00A4A62B /* View */,
				86E144A727B1CBC200A4A62B /* Controller */,
			);
			path = Scenes;
			sourceTree = "<group>";
		};
		86940EAC2992E399007AFF3E /* Extensions */ = {
			isa = PBXGroup;
			children = (
				86940EB02992E4B0007AFF3E /* UIViewController */,
				86940EB12992E4BB007AFF3E /* String */,
			);
			path = Extensions;
			sourceTree = "<group>";
		};
		86940EAD2992E3A0007AFF3E /* Helpers */ = {
			isa = PBXGroup;
			children = (
				86940EAC2992E399007AFF3E /* Extensions */,
			);
			path = Helpers;
			sourceTree = "<group>";
		};
		86940EAE2992E3A7007AFF3E /* PresentationLayer */ = {
			isa = PBXGroup;
			children = (
				86940EAB2992E36D007AFF3E /* Scenes */,
			);
			path = PresentationLayer;
			sourceTree = "<group>";
		};
		86940EAF2992E3CF007AFF3E /* CoreLayer */ = {
			isa = PBXGroup;
			children = (
				86940EAD2992E3A0007AFF3E /* Helpers */,
			);
			path = CoreLayer;
			sourceTree = "<group>";
		};
		86940EB02992E4B0007AFF3E /* UIViewController */ = {
			isa = PBXGroup;
			children = (
				86E144B127B2FD5900A4A62B /* UIViewContoller+Alert.swift */,
				866C6E4F27B43EA30078C7C4 /* UIViewController+Animation.swift */,
			);
			path = UIViewController;
			sourceTree = "<group>";
		};
		86940EB12992E4BB007AFF3E /* String */ = {
			isa = PBXGroup;
			children = (
				86E144B527B30F9000A4A62B /* String+Capitalizing.swift */,
			);
			path = String;
			sourceTree = "<group>";
		};
		86E144A527B1CBA700A4A62B /* ApplicationLayer */ = {
			isa = PBXGroup;
			children = (
				86220D2526AC36E60004EEAE /* AppDelegate.swift */,
				86220D2726AC36E60004EEAE /* SceneDelegate.swift */,
			);
			path = ApplicationLayer;
			sourceTree = "<group>";
		};
		86E144A627B1CBBA00A4A62B /* View */ = {
			isa = PBXGroup;
			children = (
				86940EA92992E25E007AFF3E /* Storyboards */,
			);
			path = View;
			sourceTree = "<group>";
		};
		86E144A727B1CBC200A4A62B /* Controller */ = {
			isa = PBXGroup;
			children = (
				86220D2926AC36E60004EEAE /* WeatherViewController.swift */,
			);
			path = Controller;
			sourceTree = "<group>";
		};
		86E144AA27B2DD2800A4A62B /* Model */ = {
			isa = PBXGroup;
			children = (
				86E144AB27B2E4DA00A4A62B /* WeatherData.swift */,
				86E144AD27B2ECB800A4A62B /* WeatherModel.swift */,
			);
			path = Model;
			sourceTree = "<group>";
		};
/* End PBXGroup section */

/* Begin PBXNativeTarget section */
		86220D2126AC36E60004EEAE /* SkyLark Weather */ = {
			isa = PBXNativeTarget;
			buildConfigurationList = 86220D3626AC36E70004EEAE /* Build configuration list for PBXNativeTarget "SkyLark Weather" */;
			buildPhases = (
				F86C763CA351D28959CDAC63 /* [CP] Check Pods Manifest.lock */,
				86220D1E26AC36E60004EEAE /* Sources */,
				86220D1F26AC36E60004EEAE /* Frameworks */,
				86220D2026AC36E60004EEAE /* Resources */,
				FAACC5CF69FFEDD22FAC9DBB /* [CP] Embed Pods Frameworks */,
			);
			buildRules = (
			);
			dependencies = (
			);
			name = "SkyLark Weather";
			productName = "SkyLark Weather";
			productReference = 86220D2226AC36E60004EEAE /* SkyLark Weather.app */;
			productType = "com.apple.product-type.application";
		};
/* End PBXNativeTarget section */

/* Begin PBXProject section */
		86220D1A26AC36E60004EEAE /* Project object */ = {
			isa = PBXProject;
			attributes = {
				LastSwiftUpdateCheck = 1250;
				LastUpgradeCheck = 1250;
				TargetAttributes = {
					86220D2126AC36E60004EEAE = {
						CreatedOnToolsVersion = 12.5;
					};
				};
			};
			buildConfigurationList = 86220D1D26AC36E60004EEAE /* Build configuration list for PBXProject "SkyLark Weather" */;
			compatibilityVersion = "Xcode 9.3";
			developmentRegion = en;
			hasScannedForEncodings = 0;
			knownRegions = (
				en,
				Base,
			);
			mainGroup = 86220D1926AC36E60004EEAE;
			productRefGroup = 86220D2326AC36E60004EEAE /* Products */;
			projectDirPath = "";
			projectRoot = "";
			targets = (
				86220D2126AC36E60004EEAE /* SkyLark Weather */,
			);
		};
/* End PBXProject section */

/* Begin PBXResourcesBuildPhase section */
		86220D2026AC36E60004EEAE /* Resources */ = {
			isa = PBXResourcesBuildPhase;
			buildActionMask = 2147483647;
			files = (
				86220D3226AC36E70004EEAE /* LaunchScreen.storyboard in Resources */,
				86220D2F26AC36E70004EEAE /* Assets.xcassets in Resources */,
				86220D2D26AC36E60004EEAE /* Main.storyboard in Resources */,
			);
			runOnlyForDeploymentPostprocessing = 0;
		};
/* End PBXResourcesBuildPhase section */

/* Begin PBXShellScriptBuildPhase section */
		F86C763CA351D28959CDAC63 /* [CP] Check Pods Manifest.lock */ = {
			isa = PBXShellScriptBuildPhase;
			buildActionMask = 2147483647;
			files = (
			);
			inputFileListPaths = (
			);
			inputPaths = (
				"${PODS_PODFILE_DIR_PATH}/Podfile.lock",
				"${PODS_ROOT}/Manifest.lock",
			);
			name = "[CP] Check Pods Manifest.lock";
			outputFileListPaths = (
			);
			outputPaths = (
				"$(DERIVED_FILE_DIR)/Pods-SkyLark Weather-checkManifestLockResult.txt",
			);
			runOnlyForDeploymentPostprocessing = 0;
			shellPath = /bin/sh;
			shellScript = "diff \"${PODS_PODFILE_DIR_PATH}/Podfile.lock\" \"${PODS_ROOT}/Manifest.lock\" > /dev/null\nif [ $? != 0 ] ; then\n    # print error to STDERR\n    echo \"error: The sandbox is not in sync with the Podfile.lock. Run 'pod install' or update your CocoaPods installation.\" >&2\n    exit 1\nfi\n# This output is used by Xcode 'outputs' to avoid re-running this script phase.\necho \"SUCCESS\" > \"${SCRIPT_OUTPUT_FILE_0}\"\n";
			showEnvVarsInLog = 0;
		};
		FAACC5CF69FFEDD22FAC9DBB /* [CP] Embed Pods Frameworks */ = {
			isa = PBXShellScriptBuildPhase;
			buildActionMask = 2147483647;
			files = (
			);
			inputFileListPaths = (
				"${PODS_ROOT}/Target Support Files/Pods-SkyLark Weather/Pods-SkyLark Weather-frameworks-${CONFIGURATION}-input-files.xcfilelist",
			);
			name = "[CP] Embed Pods Frameworks";
			outputFileListPaths = (
				"${PODS_ROOT}/Target Support Files/Pods-SkyLark Weather/Pods-SkyLark Weather-frameworks-${CONFIGURATION}-output-files.xcfilelist",
			);
			runOnlyForDeploymentPostprocessing = 0;
			shellPath = /bin/sh;
			shellScript = "\"${PODS_ROOT}/Target Support Files/Pods-SkyLark Weather/Pods-SkyLark Weather-frameworks.sh\"\n";
			showEnvVarsInLog = 0;
		};
/* End PBXShellScriptBuildPhase section */

/* Begin PBXSourcesBuildPhase section */
		86220D1E26AC36E60004EEAE /* Sources */ = {
			isa = PBXSourcesBuildPhase;
			buildActionMask = 2147483647;
			files = (
				86220D2A26AC36E60004EEAE /* WeatherViewController.swift in Sources */,
				86E144AC27B2E4DA00A4A62B /* WeatherData.swift in Sources */,
				86E144B627B30F9000A4A62B /* String+Capitalizing.swift in Sources */,
				86E144B227B2FD5900A4A62B /* UIViewContoller+Alert.swift in Sources */,
				866C6E5027B43EA30078C7C4 /* UIViewController+Animation.swift in Sources */,
				86220D2626AC36E60004EEAE /* AppDelegate.swift in Sources */,
				86E144A927B2DD2200A4A62B /* WeatherManager.swift in Sources */,
				86E144AE27B2ECB800A4A62B /* WeatherModel.swift in Sources */,
				86220D2826AC36E60004EEAE /* SceneDelegate.swift in Sources */,
			);
			runOnlyForDeploymentPostprocessing = 0;
		};
/* End PBXSourcesBuildPhase section */

/* Begin PBXVariantGroup section */
		86220D2B26AC36E60004EEAE /* Main.storyboard */ = {
			isa = PBXVariantGroup;
			children = (
				86220D2C26AC36E60004EEAE /* Base */,
			);
			name = Main.storyboard;
			sourceTree = "<group>";
		};
		86220D3026AC36E70004EEAE /* LaunchScreen.storyboard */ = {
			isa = PBXVariantGroup;
			children = (
				86220D3126AC36E70004EEAE /* Base */,
			);
			name = LaunchScreen.storyboard;
			sourceTree = "<group>";
		};
/* End PBXVariantGroup section */

/* Begin XCBuildConfiguration section */
		86220D3426AC36E70004EEAE /* Debug */ = {
			isa = XCBuildConfiguration;
			buildSettings = {
				ALWAYS_SEARCH_USER_PATHS = NO;
				CLANG_ANALYZER_NONNULL = YES;
				CLANG_ANALYZER_NUMBER_OBJECT_CONVERSION = YES_AGGRESSIVE;
				CLANG_CXX_LANGUAGE_STANDARD = "gnu++14";
				CLANG_CXX_LIBRARY = "libc++";
				CLANG_ENABLE_MODULES = YES;
				CLANG_ENABLE_OBJC_ARC = YES;
				CLANG_ENABLE_OBJC_WEAK = YES;
				CLANG_WARN_BLOCK_CAPTURE_AUTORELEASING = YES;
				CLANG_WARN_BOOL_CONVERSION = YES;
				CLANG_WARN_COMMA = YES;
				CLANG_WARN_CONSTANT_CONVERSION = YES;
				CLANG_WARN_DEPRECATED_OBJC_IMPLEMENTATIONS = YES;
				CLANG_WARN_DIRECT_OBJC_ISA_USAGE = YES_ERROR;
				CLANG_WARN_DOCUMENTATION_COMMENTS = YES;
				CLANG_WARN_EMPTY_BODY = YES;
				CLANG_WARN_ENUM_CONVERSION = YES;
				CLANG_WARN_INFINITE_RECURSION = YES;
				CLANG_WARN_INT_CONVERSION = YES;
				CLANG_WARN_NON_LITERAL_NULL_CONVERSION = YES;
				CLANG_WARN_OBJC_IMPLICIT_RETAIN_SELF = YES;
				CLANG_WARN_OBJC_LITERAL_CONVERSION = YES;
				CLANG_WARN_OBJC_ROOT_CLASS = YES_ERROR;
				CLANG_WARN_QUOTED_INCLUDE_IN_FRAMEWORK_HEADER = YES;
				CLANG_WARN_RANGE_LOOP_ANALYSIS = YES;
				CLANG_WARN_STRICT_PROTOTYPES = YES;
				CLANG_WARN_SUSPICIOUS_MOVE = YES;
				CLANG_WARN_UNGUARDED_AVAILABILITY = YES_AGGRESSIVE;
				CLANG_WARN_UNREACHABLE_CODE = YES;
				CLANG_WARN__DUPLICATE_METHOD_MATCH = YES;
				COPY_PHASE_STRIP = NO;
				DEBUG_INFORMATION_FORMAT = dwarf;
				ENABLE_STRICT_OBJC_MSGSEND = YES;
				ENABLE_TESTABILITY = YES;
				GCC_C_LANGUAGE_STANDARD = gnu11;
				GCC_DYNAMIC_NO_PIC = NO;
				GCC_NO_COMMON_BLOCKS = YES;
				GCC_OPTIMIZATION_LEVEL = 0;
				GCC_PREPROCESSOR_DEFINITIONS = (
					"DEBUG=1",
					"$(inherited)",
				);
				GCC_WARN_64_TO_32_BIT_CONVERSION = YES;
				GCC_WARN_ABOUT_RETURN_TYPE = YES_ERROR;
				GCC_WARN_UNDECLARED_SELECTOR = YES;
				GCC_WARN_UNINITIALIZED_AUTOS = YES_AGGRESSIVE;
				GCC_WARN_UNUSED_FUNCTION = YES;
				GCC_WARN_UNUSED_VARIABLE = YES;
				IPHONEOS_DEPLOYMENT_TARGET = 13.0;
				MTL_ENABLE_DEBUG_INFO = INCLUDE_SOURCE;
				MTL_FAST_MATH = YES;
				ONLY_ACTIVE_ARCH = YES;
				SDKROOT = iphoneos;
				SWIFT_ACTIVE_COMPILATION_CONDITIONS = DEBUG;
				SWIFT_OPTIMIZATION_LEVEL = "-Onone";
			};
			name = Debug;
		};
		86220D3526AC36E70004EEAE /* Release */ = {
			isa = XCBuildConfiguration;
			buildSettings = {
				ALWAYS_SEARCH_USER_PATHS = NO;
				CLANG_ANALYZER_NONNULL = YES;
				CLANG_ANALYZER_NUMBER_OBJECT_CONVERSION = YES_AGGRESSIVE;
				CLANG_CXX_LANGUAGE_STANDARD = "gnu++14";
				CLANG_CXX_LIBRARY = "libc++";
				CLANG_ENABLE_MODULES = YES;
				CLANG_ENABLE_OBJC_ARC = YES;
				CLANG_ENABLE_OBJC_WEAK = YES;
				CLANG_WARN_BLOCK_CAPTURE_AUTORELEASING = YES;
				CLANG_WARN_BOOL_CONVERSION = YES;
				CLANG_WARN_COMMA = YES;
				CLANG_WARN_CONSTANT_CONVERSION = YES;
				CLANG_WARN_DEPRECATED_OBJC_IMPLEMENTATIONS = YES;
				CLANG_WARN_DIRECT_OBJC_ISA_USAGE = YES_ERROR;
				CLANG_WARN_DOCUMENTATION_COMMENTS = YES;
				CLANG_WARN_EMPTY_BODY = YES;
				CLANG_WARN_ENUM_CONVERSION = YES;
				CLANG_WARN_INFINITE_RECURSION = YES;
				CLANG_WARN_INT_CONVERSION = YES;
				CLANG_WARN_NON_LITERAL_NULL_CONVERSION = YES;
				CLANG_WARN_OBJC_IMPLICIT_RETAIN_SELF = YES;
				CLANG_WARN_OBJC_LITERAL_CONVERSION = YES;
				CLANG_WARN_OBJC_ROOT_CLASS = YES_ERROR;
				CLANG_WARN_QUOTED_INCLUDE_IN_FRAMEWORK_HEADER = YES;
				CLANG_WARN_RANGE_LOOP_ANALYSIS = YES;
				CLANG_WARN_STRICT_PROTOTYPES = YES;
				CLANG_WARN_SUSPICIOUS_MOVE = YES;
				CLANG_WARN_UNGUARDED_AVAILABILITY = YES_AGGRESSIVE;
				CLANG_WARN_UNREACHABLE_CODE = YES;
				CLANG_WARN__DUPLICATE_METHOD_MATCH = YES;
				COPY_PHASE_STRIP = NO;
				DEBUG_INFORMATION_FORMAT = "dwarf-with-dsym";
				ENABLE_NS_ASSERTIONS = NO;
				ENABLE_STRICT_OBJC_MSGSEND = YES;
				GCC_C_LANGUAGE_STANDARD = gnu11;
				GCC_NO_COMMON_BLOCKS = YES;
				GCC_WARN_64_TO_32_BIT_CONVERSION = YES;
				GCC_WARN_ABOUT_RETURN_TYPE = YES_ERROR;
				GCC_WARN_UNDECLARED_SELECTOR = YES;
				GCC_WARN_UNINITIALIZED_AUTOS = YES_AGGRESSIVE;
				GCC_WARN_UNUSED_FUNCTION = YES;
				GCC_WARN_UNUSED_VARIABLE = YES;
				IPHONEOS_DEPLOYMENT_TARGET = 13.0;
				MTL_ENABLE_DEBUG_INFO = NO;
				MTL_FAST_MATH = YES;
				SDKROOT = iphoneos;
				SWIFT_COMPILATION_MODE = wholemodule;
				SWIFT_OPTIMIZATION_LEVEL = "-O";
				VALIDATE_PRODUCT = YES;
			};
			name = Release;
		};
		86220D3726AC36E70004EEAE /* Debug */ = {
			isa = XCBuildConfiguration;
			baseConfigurationReference = 4C576382634013C7327679E6 /* Pods-SkyLark Weather.debug.xcconfig */;
			buildSettings = {
				ASSETCATALOG_COMPILER_APPICON_NAME = AppIcon;
				ASSETCATALOG_COMPILER_GLOBAL_ACCENT_COLOR_NAME = AccentColor;
				CODE_SIGN_STYLE = Automatic;
				DEVELOPMENT_TEAM = KV859BQR3J;
				INFOPLIST_FILE = "SkyLark Weather/Info.plist";
				LD_RUNPATH_SEARCH_PATHS = (
					"$(inherited)",
					"@executable_path/Frameworks",
				);
				PRODUCT_BUNDLE_IDENTIFIER = "com.vladkarmalov.skylarkweatherapp.SkyLark-Weather";
				PRODUCT_NAME = "$(TARGET_NAME)";
				SUPPORTED_PLATFORMS = "iphoneos iphonesimulator";
				SUPPORTS_MACCATALYST = NO;
				SUPPORTS_MAC_DESIGNED_FOR_IPHONE_IPAD = NO;
				SWIFT_VERSION = 5.0;
				TARGETED_DEVICE_FAMILY = 1;
			};
			name = Debug;
		};
		86220D3826AC36E70004EEAE /* Release */ = {
			isa = XCBuildConfiguration;
			baseConfigurationReference = 9FD43D0D6DD2CA8191B8FBC0 /* Pods-SkyLark Weather.release.xcconfig */;
			buildSettings = {
				ASSETCATALOG_COMPILER_APPICON_NAME = AppIcon;
				ASSETCATALOG_COMPILER_GLOBAL_ACCENT_COLOR_NAME = AccentColor;
				CODE_SIGN_STYLE = Automatic;
				DEVELOPMENT_TEAM = KV859BQR3J;
				INFOPLIST_FILE = "SkyLark Weather/Info.plist";
				LD_RUNPATH_SEARCH_PATHS = (
					"$(inherited)",
					"@executable_path/Frameworks",
				);
				PRODUCT_BUNDLE_IDENTIFIER = "com.vladkarmalov.skylarkweatherapp.SkyLark-Weather";
				PRODUCT_NAME = "$(TARGET_NAME)";
				SUPPORTED_PLATFORMS = "iphoneos iphonesimulator";
				SUPPORTS_MACCATALYST = NO;
				SUPPORTS_MAC_DESIGNED_FOR_IPHONE_IPAD = NO;
				SWIFT_VERSION = 5.0;
				TARGETED_DEVICE_FAMILY = 1;
			};
			name = Release;
		};
/* End XCBuildConfiguration section */

/* Begin XCConfigurationList section */
		86220D1D26AC36E60004EEAE /* Build configuration list for PBXProject "SkyLark Weather" */ = {
			isa = XCConfigurationList;
			buildConfigurations = (
				86220D3426AC36E70004EEAE /* Debug */,
				86220D3526AC36E70004EEAE /* Release */,
			);
			defaultConfigurationIsVisible = 0;
			defaultConfigurationName = Release;
		};
		86220D3626AC36E70004EEAE /* Build configuration list for PBXNativeTarget "SkyLark Weather" */ = {
			isa = XCConfigurationList;
			buildConfigurations = (
				86220D3726AC36E70004EEAE /* Debug */,
				86220D3826AC36E70004EEAE /* Release */,
			);
			defaultConfigurationIsVisible = 0;
			defaultConfigurationName = Release;
		};
/* End XCConfigurationList section */
	};
	rootObject = 86220D1A26AC36E60004EEAE /* Project object */;
}
